// !$*UTF8*$!
{
	archiveVersion = 1;
	classes = {
	};
	objectVersion = 77;
	objects = {

/* Begin PBXContainerItemProxy section */
		CCCFDD702EE50D9500BC65BB /* PBXContainerItemProxy */ = {
			isa = PBXContainerItemProxy;
			containerPortal = CCCFDD582EE50D9400BC65BB /* Project object */;
			proxyType = 1;
			remoteGlobalIDString = CCCFDD5F2EE50D9400BC65BB;
			remoteInfo = Cogitator;
		};
		CCCFDD7A2EE50D9500BC65BB /* PBXContainerItemProxy */ = {
			isa = PBXContainerItemProxy;
			containerPortal = CCCFDD582EE50D9400BC65BB /* Project object */;
			proxyType = 1;
			remoteGlobalIDString = CCCFDD5F2EE50D9400BC65BB;
			remoteInfo = Cogitator;
		};
/* End PBXContainerItemProxy section */

/* Begin PBXFileReference section */
		CCCFDD602EE50D9400BC65BB /* Cogitator.app */ = {isa = PBXFileReference; explicitFileType = wrapper.application; includeInIndex = 0; path = Cogitator.app; sourceTree = BUILT_PRODUCTS_DIR; };
		CCCFDD6F2EE50D9500BC65BB /* CogitatorTests.xctest */ = {isa = PBXFileReference; explicitFileType = wrapper.cfbundle; includeInIndex = 0; path = CogitatorTests.xctest; sourceTree = BUILT_PRODUCTS_DIR; };
		CCCFDD792EE50D9500BC65BB /* CogitatorUITests.xctest */ = {isa = PBXFileReference; explicitFileType = wrapper.cfbundle; includeInIndex = 0; path = CogitatorUITests.xctest; sourceTree = BUILT_PRODUCTS_DIR; };
/* End PBXFileReference section */

/* Begin PBXFileSystemSynchronizedRootGroup section */
		CCCFDD622EE50D9400BC65BB /* Cogitator */ = {
			isa = PBXFileSystemSynchronizedRootGroup;
			path = Cogitator;
			sourceTree = "<group>";
		};
		CCCFDD722EE50D9500BC65BB /* CogitatorTests */ = {
			isa = PBXFileSystemSynchronizedRootGroup;
			path = CogitatorTests;
			sourceTree = "<group>";
		};
		CCCFDD7C2EE50D9500BC65BB /* CogitatorUITests */ = {
			isa = PBXFileSystemSynchronizedRootGroup;
			path = CogitatorUITests;
			sourceTree = "<group>";
		};
/* End PBXFileSystemSynchronizedRootGroup section */

/* Begin PBXFrameworksBuildPhase section */
		CCCFDD5D2EE50D9400BC65BB /* Frameworks */ = {
			isa = PBXFrameworksBuildPhase;
			buildActionMask = 2147483647;
			files = (
			);
			runOnlyForDeploymentPostprocessing = 0;
		};
		CCCFDD6C2EE50D9500BC65BB /* Frameworks */ = {
			isa = PBXFrameworksBuildPhase;
			buildActionMask = 2147483647;
			files = (
			);
			runOnlyForDeploymentPostprocessing = 0;
		};
		CCCFDD762EE50D9500BC65BB /* Frameworks */ = {
			isa = PBXFrameworksBuildPhase;
			buildActionMask = 2147483647;
			files = (
			);
			runOnlyForDeploymentPostprocessing = 0;
		};
/* End PBXFrameworksBuildPhase section */

/* Begin PBXGroup section */
		CCCFDD572EE50D9400BC65BB = {
			isa = PBXGroup;
			children = (
				CCCFDD622EE50D9400BC65BB /* Cogitator */,
				CCCFDD722EE50D9500BC65BB /* CogitatorTests */,
				CCCFDD7C2EE50D9500BC65BB /* CogitatorUITests */,
				CCCFDD612EE50D9400BC65BB /* Products */,
			);
			sourceTree = "<group>";
		};
		CCCFDD612EE50D9400BC65BB /* Products */ = {
			isa = PBXGroup;
			children = (
				CCCFDD602EE50D9400BC65BB /* Cogitator.app */,
				CCCFDD6F2EE50D9500BC65BB /* CogitatorTests.xctest */,
				CCCFDD792EE50D9500BC65BB /* CogitatorUITests.xctest */,
			);
			name = Products;
			sourceTree = "<group>";
		};
/* End PBXGroup section */

/* Begin PBXNativeTarget section */
		CCCFDD5F2EE50D9400BC65BB /* Cogitator */ = {
			isa = PBXNativeTarget;
			buildConfigurationList = CCCFDD832EE50D9500BC65BB /* Build configuration list for PBXNativeTarget "Cogitator" */;
			buildPhases = (
				CCCFDD5C2EE50D9400BC65BB /* Sources */,
				CCCFDD5D2EE50D9400BC65BB /* Frameworks */,
				CCCFDD5E2EE50D9400BC65BB /* Resources */,
			);
			buildRules = (
			);
			dependencies = (
			);
			fileSystemSynchronizedGroups = (
				CCCFDD622EE50D9400BC65BB /* Cogitator */,
			);
			name = Cogitator;
			packageProductDependencies = (
			);
			productName = Cogitator;
			productReference = CCCFDD602EE50D9400BC65BB /* Cogitator.app */;
			productType = "com.apple.product-type.application";
		};
		CCCFDD6E2EE50D9500BC65BB /* CogitatorTests */ = {
			isa = PBXNativeTarget;
			buildConfigurationList = CCCFDD862EE50D9500BC65BB /* Build configuration list for PBXNativeTarget "CogitatorTests" */;
			buildPhases = (
				CCCFDD6B2EE50D9500BC65BB /* Sources */,
				CCCFDD6C2EE50D9500BC65BB /* Frameworks */,
				CCCFDD6D2EE50D9500BC65BB /* Resources */,
			);
			buildRules = (
			);
			dependencies = (
				CCCFDD712EE50D9500BC65BB /* PBXTargetDependency */,
			);
			fileSystemSynchronizedGroups = (
				CCCFDD722EE50D9500BC65BB /* CogitatorTests */,
			);
			name = CogitatorTests;
			packageProductDependencies = (
			);
			productName = CogitatorTests;
			productReference = CCCFDD6F2EE50D9500BC65BB /* CogitatorTests.xctest */;
			productType = "com.apple.product-type.bundle.unit-test";
		};
		CCCFDD782EE50D9500BC65BB /* CogitatorUITests */ = {
			isa = PBXNativeTarget;
			buildConfigurationList = CCCFDD892EE50D9500BC65BB /* Build configuration list for PBXNativeTarget "CogitatorUITests" */;
			buildPhases = (
				CCCFDD752EE50D9500BC65BB /* Sources */,
				CCCFDD762EE50D9500BC65BB /* Frameworks */,
				CCCFDD772EE50D9500BC65BB /* Resources */,
			);
			buildRules = (
			);
			dependencies = (
				CCCFDD7B2EE50D9500BC65BB /* PBXTargetDependency */,
			);
			fileSystemSynchronizedGroups = (
				CCCFDD7C2EE50D9500BC65BB /* CogitatorUITests */,
			);
			name = CogitatorUITests;
			packageProductDependencies = (
			);
			productName = CogitatorUITests;
			productReference = CCCFDD792EE50D9500BC65BB /* CogitatorUITests.xctest */;
			productType = "com.apple.product-type.bundle.ui-testing";
		};
/* End PBXNativeTarget section */

/* Begin PBXProject section */
		CCCFDD582EE50D9400BC65BB /* Project object */ = {
			isa = PBXProject;
			attributes = {
				BuildIndependentTargetsInParallel = 1;
				LastSwiftUpdateCheck = 2600;
				LastUpgradeCheck = 2600;
				TargetAttributes = {
					CCCFDD5F2EE50D9400BC65BB = {
						CreatedOnToolsVersion = 26.0.1;
					};
					CCCFDD6E2EE50D9500BC65BB = {
						CreatedOnToolsVersion = 26.0.1;
						TestTargetID = CCCFDD5F2EE50D9400BC65BB;
					};
					CCCFDD782EE50D9500BC65BB = {
						CreatedOnToolsVersion = 26.0.1;
						TestTargetID = CCCFDD5F2EE50D9400BC65BB;
					};
				};
			};
			buildConfigurationList = CCCFDD5B2EE50D9400BC65BB /* Build configuration list for PBXProject "Cogitator" */;
			developmentRegion = en;
			hasScannedForEncodings = 0;
			knownRegions = (
				en,
				Base,
			);
			mainGroup = CCCFDD572EE50D9400BC65BB;
			minimizedProjectReferenceProxies = 1;
			preferredProjectObjectVersion = 77;
			productRefGroup = CCCFDD612EE50D9400BC65BB /* Products */;
			projectDirPath = "";
			projectRoot = "";
			targets = (
				CCCFDD5F2EE50D9400BC65BB /* Cogitator */,
				CCCFDD6E2EE50D9500BC65BB /* CogitatorTests */,
				CCCFDD782EE50D9500BC65BB /* CogitatorUITests */,
			);
		};
/* End PBXProject section */

/* Begin PBXResourcesBuildPhase section */
		CCCFDD5E2EE50D9400BC65BB /* Resources */ = {
			isa = PBXResourcesBuildPhase;
			buildActionMask = 2147483647;
			files = (
			);
			runOnlyForDeploymentPostprocessing = 0;
		};
		CCCFDD6D2EE50D9500BC65BB /* Resources */ = {
			isa = PBXResourcesBuildPhase;
			buildActionMask = 2147483647;
			files = (
			);
			runOnlyForDeploymentPostprocessing = 0;
		};
		CCCFDD772EE50D9500BC65BB /* Resources */ = {
			isa = PBXResourcesBuildPhase;
			buildActionMask = 2147483647;
			files = (
			);
			runOnlyForDeploymentPostprocessing = 0;
		};
/* End PBXResourcesBuildPhase section */

/* Begin PBXSourcesBuildPhase section */
		CCCFDD5C2EE50D9400BC65BB /* Sources */ = {
			isa = PBXSourcesBuildPhase;
			buildActionMask = 2147483647;
			files = (
			);
			runOnlyForDeploymentPostprocessing = 0;
		};
		CCCFDD6B2EE50D9500BC65BB /* Sources */ = {
			isa = PBXSourcesBuildPhase;
			buildActionMask = 2147483647;
			files = (
			);
			runOnlyForDeploymentPostprocessing = 0;
		};
		CCCFDD752EE50D9500BC65BB /* Sources */ = {
			isa = PBXSourcesBuildPhase;
			buildActionMask = 2147483647;
			files = (
			);
			runOnlyForDeploymentPostprocessing = 0;
		};
/* End PBXSourcesBuildPhase section */

/* Begin PBXTargetDependency section */
		CCCFDD712EE50D9500BC65BB /* PBXTargetDependency */ = {
			isa = PBXTargetDependency;
			target = CCCFDD5F2EE50D9400BC65BB /* Cogitator */;
			targetProxy = CCCFDD702EE50D9500BC65BB /* PBXContainerItemProxy */;
		};
		CCCFDD7B2EE50D9500BC65BB /* PBXTargetDependency */ = {
			isa = PBXTargetDependency;
			target = CCCFDD5F2EE50D9400BC65BB /* Cogitator */;
			targetProxy = CCCFDD7A2EE50D9500BC65BB /* PBXContainerItemProxy */;
		};
/* End PBXTargetDependency section */

/* Begin XCBuildConfiguration section */
		CCCFDD812EE50D9500BC65BB /* Debug */ = {
			isa = XCBuildConfiguration;
			buildSettings = {
				ALWAYS_SEARCH_USER_PATHS = NO;
				ASSETCATALOG_COMPILER_GENERATE_SWIFT_ASSET_SYMBOL_EXTENSIONS = YES;
				CLANG_ANALYZER_NONNULL = YES;
				CLANG_ANALYZER_NUMBER_OBJECT_CONVERSION = YES_AGGRESSIVE;
				CLANG_CXX_LANGUAGE_STANDARD = "gnu++20";
				CLANG_ENABLE_MODULES = YES;
				CLANG_ENABLE_OBJC_ARC = YES;
				CLANG_ENABLE_OBJC_WEAK = YES;
				CLANG_WARN_BLOCK_CAPTURE_AUTORELEASING = YES;
				CLANG_WARN_BOOL_CONVERSION = YES;
				CLANG_WARN_COMMA = YES;
				CLANG_WARN_CONSTANT_CONVERSION = YES;
				CLANG_WARN_DEPRECATED_OBJC_IMPLEMENTATIONS = YES;
				CLANG_WARN_DIRECT_OBJC_ISA_USAGE = YES_ERROR;
				CLANG_WARN_DOCUMENTATION_COMMENTS = YES;
				CLANG_WARN_EMPTY_BODY = YES;
				CLANG_WARN_ENUM_CONVERSION = YES;
				CLANG_WARN_INFINITE_RECURSION = YES;
				CLANG_WARN_INT_CONVERSION = YES;
				CLANG_WARN_NON_LITERAL_NULL_CONVERSION = YES;
				CLANG_WARN_OBJC_IMPLICIT_RETAIN_SELF = YES;
				CLANG_WARN_OBJC_LITERAL_CONVERSION = YES;
				CLANG_WARN_OBJC_ROOT_CLASS = YES_ERROR;
				CLANG_WARN_QUOTED_INCLUDE_IN_FRAMEWORK_HEADER = YES;
				CLANG_WARN_RANGE_LOOP_ANALYSIS = YES;
				CLANG_WARN_STRICT_PROTOTYPES = YES;
				CLANG_WARN_SUSPICIOUS_MOVE = YES;
				CLANG_WARN_UNGUARDED_AVAILABILITY = YES_AGGRESSIVE;
				CLANG_WARN_UNREACHABLE_CODE = YES;
				CLANG_WARN__DUPLICATE_METHOD_MATCH = YES;
				COPY_PHASE_STRIP = NO;
				DEBUG_INFORMATION_FORMAT = dwarf;
				DEVELOPMENT_TEAM = BD72FKWLAY;
				ENABLE_STRICT_OBJC_MSGSEND = YES;
				ENABLE_TESTABILITY = YES;
				ENABLE_USER_SCRIPT_SANDBOXING = YES;
				GCC_C_LANGUAGE_STANDARD = gnu17;
				GCC_DYNAMIC_NO_PIC = NO;
				GCC_NO_COMMON_BLOCKS = YES;
				GCC_OPTIMIZATION_LEVEL = 0;
				GCC_PREPROCESSOR_DEFINITIONS = (
					"DEBUG=1",
					"$(inherited)",
				);
				GCC_WARN_64_TO_32_BIT_CONVERSION = YES;
				GCC_WARN_ABOUT_RETURN_TYPE = YES_ERROR;
				GCC_WARN_UNDECLARED_SELECTOR = YES;
				GCC_WARN_UNINITIALIZED_AUTOS = YES_AGGRESSIVE;
				GCC_WARN_UNUSED_FUNCTION = YES;
				GCC_WARN_UNUSED_VARIABLE = YES;
				LOCALIZATION_PREFERS_STRING_CATALOGS = YES;
				MACOSX_DEPLOYMENT_TARGET = 26.0;
				MTL_ENABLE_DEBUG_INFO = INCLUDE_SOURCE;
				MTL_FAST_MATH = YES;
				ONLY_ACTIVE_ARCH = YES;
				SDKROOT = macosx;
				SWIFT_ACTIVE_COMPILATION_CONDITIONS = "DEBUG $(inherited)";
				SWIFT_OPTIMIZATION_LEVEL = "-Onone";
			};
			name = Debug;
		};
		CCCFDD822EE50D9500BC65BB /* Release */ = {
			isa = XCBuildConfiguration;
			buildSettings = {
				ALWAYS_SEARCH_USER_PATHS = NO;
				ASSETCATALOG_COMPILER_GENERATE_SWIFT_ASSET_SYMBOL_EXTENSIONS = YES;
				CLANG_ANALYZER_NONNULL = YES;
				CLANG_ANALYZER_NUMBER_OBJECT_CONVERSION = YES_AGGRESSIVE;
				CLANG_CXX_LANGUAGE_STANDARD = "gnu++20";
				CLANG_ENABLE_MODULES = YES;
				CLANG_ENABLE_OBJC_ARC = YES;
				CLANG_ENABLE_OBJC_WEAK = YES;
				CLANG_WARN_BLOCK_CAPTURE_AUTORELEASING = YES;
				CLANG_WARN_BOOL_CONVERSION = YES;
				CLANG_WARN_COMMA = YES;
				CLANG_WARN_CONSTANT_CONVERSION = YES;
				CLANG_WARN_DEPRECATED_OBJC_IMPLEMENTATIONS = YES;
				CLANG_WARN_DIRECT_OBJC_ISA_USAGE = YES_ERROR;
				CLANG_WARN_DOCUMENTATION_COMMENTS = YES;
				CLANG_WARN_EMPTY_BODY = YES;
				CLANG_WARN_ENUM_CONVERSION = YES;
				CLANG_WARN_INFINITE_RECURSION = YES;
				CLANG_WARN_INT_CONVERSION = YES;
				CLANG_WARN_NON_LITERAL_NULL_CONVERSION = YES;
				CLANG_WARN_OBJC_IMPLICIT_RETAIN_SELF = YES;
				CLANG_WARN_OBJC_LITERAL_CONVERSION = YES;
				CLANG_WARN_OBJC_ROOT_CLASS = YES_ERROR;
				CLANG_WARN_QUOTED_INCLUDE_IN_FRAMEWORK_HEADER = YES;
				CLANG_WARN_RANGE_LOOP_ANALYSIS = YES;
				CLANG_WARN_STRICT_PROTOTYPES = YES;
				CLANG_WARN_SUSPICIOUS_MOVE = YES;
				CLANG_WARN_UNGUARDED_AVAILABILITY = YES_AGGRESSIVE;
				CLANG_WARN_UNREACHABLE_CODE = YES;
				CLANG_WARN__DUPLICATE_METHOD_MATCH = YES;
				COPY_PHASE_STRIP = NO;
				DEBUG_INFORMATION_FORMAT = "dwarf-with-dsym";
				DEVELOPMENT_TEAM = BD72FKWLAY;
				ENABLE_NS_ASSERTIONS = NO;
				ENABLE_STRICT_OBJC_MSGSEND = YES;
				ENABLE_USER_SCRIPT_SANDBOXING = YES;
				GCC_C_LANGUAGE_STANDARD = gnu17;
				GCC_NO_COMMON_BLOCKS = YES;
				GCC_WARN_64_TO_32_BIT_CONVERSION = YES;
				GCC_WARN_ABOUT_RETURN_TYPE = YES_ERROR;
				GCC_WARN_UNDECLARED_SELECTOR = YES;
				GCC_WARN_UNINITIALIZED_AUTOS = YES_AGGRESSIVE;
				GCC_WARN_UNUSED_FUNCTION = YES;
				GCC_WARN_UNUSED_VARIABLE = YES;
				LOCALIZATION_PREFERS_STRING_CATALOGS = YES;
				MACOSX_DEPLOYMENT_TARGET = 26.0;
				MTL_ENABLE_DEBUG_INFO = NO;
				MTL_FAST_MATH = YES;
				SDKROOT = macosx;
				SWIFT_COMPILATION_MODE = wholemodule;
			};
			name = Release;
		};
		CCCFDD842EE50D9500BC65BB /* Debug */ = {
			isa = XCBuildConfiguration;
			buildSettings = {
				ASSETCATALOG_COMPILER_APPICON_NAME = AppIcon;
				ASSETCATALOG_COMPILER_GLOBAL_ACCENT_COLOR_NAME = AccentColor;
				CODE_SIGN_STYLE = Automatic;
				COMBINE_HIDPI_IMAGES = YES;
				CURRENT_PROJECT_VERSION = 1;
				DEVELOPMENT_TEAM = BD72FKWLAY;
				ENABLE_APP_SANDBOX = YES;
				ENABLE_HARDENED_RUNTIME = YES;
				ENABLE_PREVIEWS = YES;
				ENABLE_USER_SELECTED_FILES = readonly;
				GENERATE_INFOPLIST_FILE = YES;
				INFOPLIST_KEY_NSHumanReadableCopyright = "";
				LD_RUNPATH_SEARCH_PATHS = (
					"$(inherited)",
					"@executable_path/../Frameworks",
				);
				MARKETING_VERSION = 1.0;
				PRODUCT_BUNDLE_IDENTIFIER = Aequatione.Cogitator;
				PRODUCT_NAME = "$(TARGET_NAME)";
				REGISTER_APP_GROUPS = YES;
				STRING_CATALOG_GENERATE_SYMBOLS = YES;
				SWIFT_APPROACHABLE_CONCURRENCY = YES;
				SWIFT_DEFAULT_ACTOR_ISOLATION = MainActor;
				SWIFT_EMIT_LOC_STRINGS = YES;
				SWIFT_UPCOMING_FEATURE_MEMBER_IMPORT_VISIBILITY = YES;
				SWIFT_VERSION = 5.0;
			};
			name = Debug;
		};
		CCCFDD852EE50D9500BC65BB /* Release */ = {
			isa = XCBuildConfiguration;
			buildSettings = {
				ASSETCATALOG_COMPILER_APPICON_NAME = AppIcon;
				ASSETCATALOG_COMPILER_GLOBAL_ACCENT_COLOR_NAME = AccentColor;
				CODE_SIGN_STYLE = Automatic;
				COMBINE_HIDPI_IMAGES = YES;
				CURRENT_PROJECT_VERSION = 1;
				DEVELOPMENT_TEAM = BD72FKWLAY;
				ENABLE_APP_SANDBOX = YES;
				ENABLE_HARDENED_RUNTIME = YES;
				ENABLE_PREVIEWS = YES;
				ENABLE_USER_SELECTED_FILES = readonly;
				GENERATE_INFOPLIST_FILE = YES;
				INFOPLIST_KEY_NSHumanReadableCopyright = "";
				LD_RUNPATH_SEARCH_PATHS = (
					"$(inherited)",
					"@executable_path/../Frameworks",
				);
				MARKETING_VERSION = 1.0;
				PRODUCT_BUNDLE_IDENTIFIER = Aequatione.Cogitator;
				PRODUCT_NAME = "$(TARGET_NAME)";
				REGISTER_APP_GROUPS = YES;
				STRING_CATALOG_GENERATE_SYMBOLS = YES;
				SWIFT_APPROACHABLE_CONCURRENCY = YES;
				SWIFT_DEFAULT_ACTOR_ISOLATION = MainActor;
				SWIFT_EMIT_LOC_STRINGS = YES;
				SWIFT_UPCOMING_FEATURE_MEMBER_IMPORT_VISIBILITY = YES;
				SWIFT_VERSION = 5.0;
			};
			name = Release;
		};
		CCCFDD872EE50D9500BC65BB /* Debug */ = {
			isa = XCBuildConfiguration;
			buildSettings = {
				BUNDLE_LOADER = "$(TEST_HOST)";
				CODE_SIGN_STYLE = Automatic;
				CURRENT_PROJECT_VERSION = 1;
				DEVELOPMENT_TEAM = BD72FKWLAY;
				GENERATE_INFOPLIST_FILE = YES;
				MACOSX_DEPLOYMENT_TARGET = 26.0;
				MARKETING_VERSION = 1.0;
				PRODUCT_BUNDLE_IDENTIFIER = Aequatione.CogitatorTests;
				PRODUCT_NAME = "$(TARGET_NAME)";
				STRING_CATALOG_GENERATE_SYMBOLS = NO;
				SWIFT_APPROACHABLE_CONCURRENCY = YES;
				SWIFT_EMIT_LOC_STRINGS = NO;
				SWIFT_UPCOMING_FEATURE_MEMBER_IMPORT_VISIBILITY = YES;
				SWIFT_VERSION = 5.0;
				TEST_HOST = "$(BUILT_PRODUCTS_DIR)/Cogitator.app/$(BUNDLE_EXECUTABLE_FOLDER_PATH)/Cogitator";
			};
			name = Debug;
		};
		CCCFDD882EE50D9500BC65BB /* Release */ = {
			isa = XCBuildConfiguration;
			buildSettings = {
				BUNDLE_LOADER = "$(TEST_HOST)";
				CODE_SIGN_STYLE = Automatic;
				CURRENT_PROJECT_VERSION = 1;
				DEVELOPMENT_TEAM = BD72FKWLAY;
				GENERATE_INFOPLIST_FILE = YES;
				MACOSX_DEPLOYMENT_TARGET = 26.0;
				MARKETING_VERSION = 1.0;
				PRODUCT_BUNDLE_IDENTIFIER = Aequatione.CogitatorTests;
				PRODUCT_NAME = "$(TARGET_NAME)";
				STRING_CATALOG_GENERATE_SYMBOLS = NO;
				SWIFT_APPROACHABLE_CONCURRENCY = YES;
				SWIFT_EMIT_LOC_STRINGS = NO;
				SWIFT_UPCOMING_FEATURE_MEMBER_IMPORT_VISIBILITY = YES;
				SWIFT_VERSION = 5.0;
				TEST_HOST = "$(BUILT_PRODUCTS_DIR)/Cogitator.app/$(BUNDLE_EXECUTABLE_FOLDER_PATH)/Cogitator";
			};
			name = Release;
		};
		CCCFDD8A2EE50D9500BC65BB /* Debug */ = {
			isa = XCBuildConfiguration;
			buildSettings = {
				CODE_SIGN_STYLE = Automatic;
				CURRENT_PROJECT_VERSION = 1;
				DEVELOPMENT_TEAM = BD72FKWLAY;
				GENERATE_INFOPLIST_FILE = YES;
				MARKETING_VERSION = 1.0;
				PRODUCT_BUNDLE_IDENTIFIER = Aequatione.CogitatorUITests;
				PRODUCT_NAME = "$(TARGET_NAME)";
				STRING_CATALOG_GENERATE_SYMBOLS = NO;
				SWIFT_APPROACHABLE_CONCURRENCY = YES;
				SWIFT_EMIT_LOC_STRINGS = NO;
				SWIFT_UPCOMING_FEATURE_MEMBER_IMPORT_VISIBILITY = YES;
				SWIFT_VERSION = 5.0;
				TEST_TARGET_NAME = Cogitator;
			};
			name = Debug;
		};
		CCCFDD8B2EE50D9500BC65BB /* Release */ = {
			isa = XCBuildConfiguration;
			buildSettings = {
				CODE_SIGN_STYLE = Automatic;
				CURRENT_PROJECT_VERSION = 1;
				DEVELOPMENT_TEAM = BD72FKWLAY;
				GENERATE_INFOPLIST_FILE = YES;
				MARKETING_VERSION = 1.0;
				PRODUCT_BUNDLE_IDENTIFIER = Aequatione.CogitatorUITests;
				PRODUCT_NAME = "$(TARGET_NAME)";
				STRING_CATALOG_GENERATE_SYMBOLS = NO;
				SWIFT_APPROACHABLE_CONCURRENCY = YES;
				SWIFT_EMIT_LOC_STRINGS = NO;
				SWIFT_UPCOMING_FEATURE_MEMBER_IMPORT_VISIBILITY = YES;
				SWIFT_VERSION = 5.0;
				TEST_TARGET_NAME = Cogitator;
			};
			name = Release;
		};
/* End XCBuildConfiguration section */

/* Begin XCConfigurationList section */
		CCCFDD5B2EE50D9400BC65BB /* Build configuration list for PBXProject "Cogitator" */ = {
			isa = XCConfigurationList;
			buildConfigurations = (
				CCCFDD812EE50D9500BC65BB /* Debug */,
				CCCFDD822EE50D9500BC65BB /* Release */,
			);
			defaultConfigurationIsVisible = 0;
			defaultConfigurationName = Release;
		};
		CCCFDD832EE50D9500BC65BB /* Build configuration list for PBXNativeTarget "Cogitator" */ = {
			isa = XCConfigurationList;
			buildConfigurations = (
				CCCFDD842EE50D9500BC65BB /* Debug */,
				CCCFDD852EE50D9500BC65BB /* Release */,
			);
			defaultConfigurationIsVisible = 0;
			defaultConfigurationName = Release;
		};
		CCCFDD862EE50D9500BC65BB /* Build configuration list for PBXNativeTarget "CogitatorTests" */ = {
			isa = XCConfigurationList;
			buildConfigurations = (
				CCCFDD872EE50D9500BC65BB /* Debug */,
				CCCFDD882EE50D9500BC65BB /* Release */,
			);
			defaultConfigurationIsVisible = 0;
			defaultConfigurationName = Release;
		};
		CCCFDD892EE50D9500BC65BB /* Build configuration list for PBXNativeTarget "CogitatorUITests" */ = {
			isa = XCConfigurationList;
			buildConfigurations = (
				CCCFDD8A2EE50D9500BC65BB /* Debug */,
				CCCFDD8B2EE50D9500BC65BB /* Release */,
			);
			defaultConfigurationIsVisible = 0;
			defaultConfigurationName = Release;
		};
/* End XCConfigurationList section */
	};
	rootObject = CCCFDD582EE50D9400BC65BB /* Project object */;
}
